
Microsoft Visual Studio Solution File, Format Version 12.00
# Visual Studio 15
VisualStudioVersion = 15.0.27130.2036
MinimumVisualStudioVersion = 10.0.40219.1
Project("{FAE04EC0-301F-11D3-BF4B-00C04F79EFBC}") = "Audela", "Audela\Audela.csproj", "{D4FE22FA-346D-4521-A19A-F892BF20AD2A}"
EndProject
Global
	GlobalSection(SolutionConfigurationPlatforms) = preSolution
		Debug|Any CPU = Debug|Any CPU
		Debug|x64 = Debug|x64
		Release|Any CPU = Release|Any CPU
		Release|x64 = Release|x64
	EndGlobalSection
	GlobalSection(ProjectConfigurationPlatforms) = postSolution
		{D4FE22FA-346D-4521-A19A-F892BF20AD2A}.Debug|Any CPU.ActiveCfg = Debug|Any CPU
		{D4FE22FA-346D-4521-A19A-F892BF20AD2A}.Debug|Any CPU.Build.0 = Debug|Any CPU
		{D4FE22FA-346D-4521-A19A-F892BF20AD2A}.Debug|x64.ActiveCfg = Debug|x64
		{D4FE22FA-346D-4521-A19A-F892BF20AD2A}.Debug|x64.Build.0 = Debug|x64
		{D4FE22FA-346D-4521-A19A-F892BF20AD2A}.Release|Any CPU.ActiveCfg = Release|Any CPU
		{D4FE22FA-346D-4521-A19A-F892BF20AD2A}.Release|Any CPU.Build.0 = Release|Any CPU
		{D4FE22FA-346D-4521-A19A-F892BF20AD2A}.Release|x64.ActiveCfg = Release|x64
		{D4FE22FA-346D-4521-A19A-F892BF20AD2A}.Release|x64.Build.0 = Release|x64
	EndGlobalSection
	GlobalSection(SolutionProperties) = preSolution
		HideSolutionNode = FALSE
	EndGlobalSection
	GlobalSection(ExtensibilityGlobals) = postSolution
		SolutionGuid = {E2E9877C-73FE-4861-AC0B-B7C16E8A18F0}
	EndGlobalSection
EndGlobal
